
Microsoft Visual Studio Solution File, Format Version 12.00
# Visual Studio 15
VisualStudioVersion = 15.0.28307.572
MinimumVisualStudioVersion = 10.0.40219.1
Project("{FAE04EC0-301F-11D3-BF4B-00C04F79EFBC}") = "SampleProject", "SampleProject\SampleProject.csproj", "{2C1ED264-3F67-4AE5-A65C-4BD874B85FAA}"
EndProject
Project("{FAE04EC0-301F-11D3-BF4B-00C04F79EFBC}") = "SampleProjectTest", "SampleProjectTest\SampleProjectTest.csproj", "{553B6880-3309-4E4C-A505-C63EEA316984}"
EndProject
Global
	GlobalSection(SolutionConfigurationPlatforms) = preSolution
		Debug|Any CPU = Debug|Any CPU
		Release|Any CPU = Release|Any CPU
	EndGlobalSection
	GlobalSection(ProjectConfigurationPlatforms) = postSolution
		{2C1ED264-3F67-4AE5-A65C-4BD874B85FAA}.Debug|Any CPU.ActiveCfg = Debug|Any CPU
		{2C1ED264-3F67-4AE5-A65C-4BD874B85FAA}.Debug|Any CPU.Build.0 = Debug|Any CPU
		{2C1ED264-3F67-4AE5-A65C-4BD874B85FAA}.Release|Any CPU.ActiveCfg = Release|Any CPU
		{2C1ED264-3F67-4AE5-A65C-4BD874B85FAA}.Release|Any CPU.Build.0 = Release|Any CPU
		{553B6880-3309-4E4C-A505-C63EEA316984}.Debug|Any CPU.ActiveCfg = Debug|Any CPU
		{553B6880-3309-4E4C-A505-C63EEA316984}.Debug|Any CPU.Build.0 = Debug|Any CPU
		{553B6880-3309-4E4C-A505-C63EEA316984}.Release|Any CPU.ActiveCfg = Release|Any CPU
		{553B6880-3309-4E4C-A505-C63EEA316984}.Release|Any CPU.Build.0 = Release|Any CPU
	EndGlobalSection
	GlobalSection(SolutionProperties) = preSolution
		HideSolutionNode = FALSE
	EndGlobalSection
	GlobalSection(ExtensibilityGlobals) = postSolution
		SolutionGuid = {B4AB50AF-F9FA-45FC-BBAF-1FD2D01E0E1E}
	EndGlobalSection
EndGlobal
